
Microsoft Visual Studio Solution File, Format Version 12.00
# Visual Studio Version 17
VisualStudioVersion = 17.6.33712.159
MinimumVisualStudioVersion = 10.0.40219.1
Project("{9A19103F-16F7-4668-BE54-9A1E7A4F7556}") = "00_Biblioteca", "00_Biblioteca\00_Biblioteca.csproj", "{82A70EFF-D803-4F99-8979-22CDC1ACFD3A}"
EndProject
Project("{9A19103F-16F7-4668-BE54-9A1E7A4F7556}") = "01_SerializarXML", "01_SerializarXML\01_SerializarXML.csproj", "{D316F51E-43A6-40A7-B1B8-7FB46C00B671}"
EndProject
Project("{9A19103F-16F7-4668-BE54-9A1E7A4F7556}") = "02_DeserializarXML", "02_DeserializarXML\02_DeserializarXML.csproj", "{FB0B52F7-1D2D-4AB0-949E-A39F60EB3254}"
EndProject
Project("{9A19103F-16F7-4668-BE54-9A1E7A4F7556}") = "03_SerializerJSON", "03_SerializerJSON\03_SerializerJSON.csproj", "{E58E72A2-9806-42E2-97C9-430067C0ED04}"
EndProject
Project("{9A19103F-16F7-4668-BE54-9A1E7A4F7556}") = "04_DeserializarJson", "04_DeserializarJson\04_DeserializarJson.csproj", "{1D9F490C-B384-4775-8966-0C0DA2907860}"
EndProject
Project("{9A19103F-16F7-4668-BE54-9A1E7A4F7556}") = "01_Generics", "01_Generics\01_Generics.csproj", "{D81B3A87-129A-40C2-AFD4-DB98C9D11025}"
EndProject
Project("{9A19103F-16F7-4668-BE54-9A1E7A4F7556}") = "02_VarDinamic", "02_VarDinamic\02_VarDinamic.csproj", "{E327F5B2-F6A7-4674-8B79-C1F4E4D698F6}"
EndProject
Project("{9A19103F-16F7-4668-BE54-9A1E7A4F7556}") = "03_ExtensionMethods", "03_ExtensionMethods\03_ExtensionMethods.csproj", "{992BEC23-038D-4262-9847-AA5C2B1E6B71}"
EndProject
Project("{9A19103F-16F7-4668-BE54-9A1E7A4F7556}") = "LINQ", "LINQ\LINQ.csproj", "{22275761-8947-4AD8-B767-79224B7D5462}"
EndProject
Project("{9A19103F-16F7-4668-BE54-9A1E7A4F7556}") = "LINQ_02", "LINQ_02\LINQ_02.csproj", "{D3E76B73-25AA-4310-99F7-5E1CCB396E17}"
EndProject
Project("{9A19103F-16F7-4668-BE54-9A1E7A4F7556}") = "LINQ_03", "LINQ_03\LINQ_03.csproj", "{F3F1BA68-ADE0-450F-8C8A-74E7A0747FB5}"
EndProject
Project("{9A19103F-16F7-4668-BE54-9A1E7A4F7556}") = "LINQ_JOIN", "LINQ_JOIN\LINQ_JOIN.csproj", "{725E807F-6A57-4C8E-91CB-6DCE8AE0637E}"
EndProject
Project("{9A19103F-16F7-4668-BE54-9A1E7A4F7556}") = "LINQ_GROUP", "LINQ_GROUP\LINQ_GROUP.csproj", "{F513F0C4-BE43-4BE4-95CB-99EDD0759B16}"
EndProject
Project("{9A19103F-16F7-4668-BE54-9A1E7A4F7556}") = "Delegates", "Delegates\Delegates.csproj", "{8AED38BE-B129-4184-A207-A476F843A76F}"
EndProject
Project("{9A19103F-16F7-4668-BE54-9A1E7A4F7556}") = "Delegates02", "Delegates02\Delegates02.csproj", "{5BB3B842-246A-4F08-B06C-AE790EBCA4F6}"
EndProject
Project("{9A19103F-16F7-4668-BE54-9A1E7A4F7556}") = "Eventos", "Eventos\Eventos.csproj", "{CAD16EBC-C0C8-477C-803C-67AF3DB2FBB4}"
EndProject
Project("{9A19103F-16F7-4668-BE54-9A1E7A4F7556}") = "Delegate_Method", "Delegate_Method\Delegate_Method.csproj", "{37F148B1-E9BC-4959-BEBE-477BDBBB2060}"
EndProject
Project("{9A19103F-16F7-4668-BE54-9A1E7A4F7556}") = "Delegate_001", "Delegate_001\Delegate_001.csproj", "{00432933-0FC0-4DC7-8A25-F100CDBDB058}"
EndProject
Project("{9A19103F-16F7-4668-BE54-9A1E7A4F7556}") = "Thread", "Thread\Thread.csproj", "{3B545EE3-2C38-45AB-B5FD-00767017097F}"
EndProject
Project("{9A19103F-16F7-4668-BE54-9A1E7A4F7556}") = "Multi_Thread", "Multi_Thread\Multi_Thread.csproj", "{37E1D969-10A0-4457-909B-AA92E1EBB776}"
EndProject
Project("{9A19103F-16F7-4668-BE54-9A1E7A4F7556}") = "ThreadBackground", "ThreadBackground\ThreadBackground.csproj", "{93A2427C-573E-4100-AB1E-D077C8FF0DDE}"
EndProject
Project("{9A19103F-16F7-4668-BE54-9A1E7A4F7556}") = "ThreadSafe", "ThreadSafe\ThreadSafe.csproj", "{2803D0D9-7A09-4601-A6EE-898EECCB4544}"
EndProject
Project("{9A19103F-16F7-4668-BE54-9A1E7A4F7556}") = "ThreadId", "ThreadId\ThreadId.csproj", "{440DFD80-0EA3-4F1A-BDAA-64D14E19FBF5}"
EndProject
Project("{9A19103F-16F7-4668-BE54-9A1E7A4F7556}") = "ThreadMetodos", "ThreadMetodos\ThreadMetodos.csproj", "{20DE81ED-4853-47DD-8148-F0AA4700BD23}"
EndProject
Project("{9A19103F-16F7-4668-BE54-9A1E7A4F7556}") = "Auto_Manual", "Auto_Manual\Auto_Manual.csproj", "{52F0AD8D-C2BC-455A-9513-B6271D50243C}"
EndProject
Project("{9A19103F-16F7-4668-BE54-9A1E7A4F7556}") = "01_Task", "01_Task\01_Task.csproj", "{9D8F85EB-3A85-487A-9B9F-040180541002}"
EndProject
Project("{9A19103F-16F7-4668-BE54-9A1E7A4F7556}") = "02_TaskExecute", "02_TaskExecute\02_TaskExecute.csproj", "{4C116FC8-C86A-471C-AA46-4B9C7FB12E24}"
EndProject
Project("{9A19103F-16F7-4668-BE54-9A1E7A4F7556}") = "03_TaskMult", "03_TaskMult\03_TaskMult.csproj", "{41A13A82-6E33-4D86-8307-EBB2631D0406}"
EndProject
Project("{FAE04EC0-301F-11D3-BF4B-00C04F79EFBC}") = "01_Atributo", "01_Atributo\01_Atributo.csproj", "{2CB92D8F-4189-4E23-936D-BFC3823FA10C}"
EndProject
Project("{FAE04EC0-301F-11D3-BF4B-00C04F79EFBC}") = "02_Validacao", "02_Validacao\02_Validacao.csproj", "{896823A1-92D3-44CF-A4BD-234568FAD23C}"
EndProject
Project("{FAE04EC0-301F-11D3-BF4B-00C04F79EFBC}") = "03_ValidacaoCustomizada", "03_ValidacaoCustomizada\03_ValidacaoCustomizada.csproj", "{F48423D4-0C3C-4581-9E21-9F901AAF6353}"
EndProject
Project("{FAE04EC0-301F-11D3-BF4B-00C04F79EFBC}") = "REFLECTION", "REFLECTION\REFLECTION.csproj", "{92DF5A9B-778A-4D07-900B-7690809A442C}"
EndProject
Global
	GlobalSection(SolutionConfigurationPlatforms) = preSolution
		Debug|Any CPU = Debug|Any CPU
		Debug|ARM = Debug|ARM
		Debug|ARM64 = Debug|ARM64
		Debug|x64 = Debug|x64
		Debug|x86 = Debug|x86
		Release|Any CPU = Release|Any CPU
		Release|ARM = Release|ARM
		Release|ARM64 = Release|ARM64
		Release|x64 = Release|x64
		Release|x86 = Release|x86
	EndGlobalSection
	GlobalSection(ProjectConfigurationPlatforms) = postSolution
		{82A70EFF-D803-4F99-8979-22CDC1ACFD3A}.Debug|Any CPU.ActiveCfg = Debug|Any CPU
		{82A70EFF-D803-4F99-8979-22CDC1ACFD3A}.Debug|Any CPU.Build.0 = Debug|Any CPU
		{82A70EFF-D803-4F99-8979-22CDC1ACFD3A}.Debug|ARM.ActiveCfg = Debug|Any CPU
		{82A70EFF-D803-4F99-8979-22CDC1ACFD3A}.Debug|ARM.Build.0 = Debug|Any CPU
		{82A70EFF-D803-4F99-8979-22CDC1ACFD3A}.Debug|ARM64.ActiveCfg = Debug|Any CPU
		{82A70EFF-D803-4F99-8979-22CDC1ACFD3A}.Debug|ARM64.Build.0 = Debug|Any CPU
		{82A70EFF-D803-4F99-8979-22CDC1ACFD3A}.Debug|x64.ActiveCfg = Debug|Any CPU
		{82A70EFF-D803-4F99-8979-22CDC1ACFD3A}.Debug|x64.Build.0 = Debug|Any CPU
		{82A70EFF-D803-4F99-8979-22CDC1ACFD3A}.Debug|x86.ActiveCfg = Debug|Any CPU
		{82A70EFF-D803-4F99-8979-22CDC1ACFD3A}.Debug|x86.Build.0 = Debug|Any CPU
		{82A70EFF-D803-4F99-8979-22CDC1ACFD3A}.Release|Any CPU.ActiveCfg = Release|Any CPU
		{82A70EFF-D803-4F99-8979-22CDC1ACFD3A}.Release|Any CPU.Build.0 = Release|Any CPU
		{82A70EFF-D803-4F99-8979-22CDC1ACFD3A}.Release|ARM.ActiveCfg = Release|Any CPU
		{82A70EFF-D803-4F99-8979-22CDC1ACFD3A}.Release|ARM.Build.0 = Release|Any CPU
		{82A70EFF-D803-4F99-8979-22CDC1ACFD3A}.Release|ARM64.ActiveCfg = Release|Any CPU
		{82A70EFF-D803-4F99-8979-22CDC1ACFD3A}.Release|ARM64.Build.0 = Release|Any CPU
		{82A70EFF-D803-4F99-8979-22CDC1ACFD3A}.Release|x64.ActiveCfg = Release|Any CPU
		{82A70EFF-D803-4F99-8979-22CDC1ACFD3A}.Release|x64.Build.0 = Release|Any CPU
		{82A70EFF-D803-4F99-8979-22CDC1ACFD3A}.Release|x86.ActiveCfg = Release|Any CPU
		{82A70EFF-D803-4F99-8979-22CDC1ACFD3A}.Release|x86.Build.0 = Release|Any CPU
		{D316F51E-43A6-40A7-B1B8-7FB46C00B671}.Debug|Any CPU.ActiveCfg = Debug|Any CPU
		{D316F51E-43A6-40A7-B1B8-7FB46C00B671}.Debug|Any CPU.Build.0 = Debug|Any CPU
		{D316F51E-43A6-40A7-B1B8-7FB46C00B671}.Debug|ARM.ActiveCfg = Debug|Any CPU
		{D316F51E-43A6-40A7-B1B8-7FB46C00B671}.Debug|ARM.Build.0 = Debug|Any CPU
		{D316F51E-43A6-40A7-B1B8-7FB46C00B671}.Debug|ARM64.ActiveCfg = Debug|Any CPU
		{D316F51E-43A6-40A7-B1B8-7FB46C00B671}.Debug|ARM64.Build.0 = Debug|Any CPU
		{D316F51E-43A6-40A7-B1B8-7FB46C00B671}.Debug|x64.ActiveCfg = Debug|Any CPU
		{D316F51E-43A6-40A7-B1B8-7FB46C00B671}.Debug|x64.Build.0 = Debug|Any CPU
		{D316F51E-43A6-40A7-B1B8-7FB46C00B671}.Debug|x86.ActiveCfg = Debug|Any CPU
		{D316F51E-43A6-40A7-B1B8-7FB46C00B671}.Debug|x86.Build.0 = Debug|Any CPU
		{D316F51E-43A6-40A7-B1B8-7FB46C00B671}.Release|Any CPU.ActiveCfg = Release|Any CPU
		{D316F51E-43A6-40A7-B1B8-7FB46C00B671}.Release|Any CPU.Build.0 = Release|Any CPU
		{D316F51E-43A6-40A7-B1B8-7FB46C00B671}.Release|ARM.ActiveCfg = Release|Any CPU
		{D316F51E-43A6-40A7-B1B8-7FB46C00B671}.Release|ARM.Build.0 = Release|Any CPU
		{D316F51E-43A6-40A7-B1B8-7FB46C00B671}.Release|ARM64.ActiveCfg = Release|Any CPU
		{D316F51E-43A6-40A7-B1B8-7FB46C00B671}.Release|ARM64.Build.0 = Release|Any CPU
		{D316F51E-43A6-40A7-B1B8-7FB46C00B671}.Release|x64.ActiveCfg = Release|Any CPU
		{D316F51E-43A6-40A7-B1B8-7FB46C00B671}.Release|x64.Build.0 = Release|Any CPU
		{D316F51E-43A6-40A7-B1B8-7FB46C00B671}.Release|x86.ActiveCfg = Release|Any CPU
		{D316F51E-43A6-40A7-B1B8-7FB46C00B671}.Release|x86.Build.0 = Release|Any CPU
		{FB0B52F7-1D2D-4AB0-949E-A39F60EB3254}.Debug|Any CPU.ActiveCfg = Debug|Any CPU
		{FB0B52F7-1D2D-4AB0-949E-A39F60EB3254}.Debug|Any CPU.Build.0 = Debug|Any CPU
		{FB0B52F7-1D2D-4AB0-949E-A39F60EB3254}.Debug|ARM.ActiveCfg = Debug|Any CPU
		{FB0B52F7-1D2D-4AB0-949E-A39F60EB3254}.Debug|ARM.Build.0 = Debug|Any CPU
		{FB0B52F7-1D2D-4AB0-949E-A39F60EB3254}.Debug|ARM64.ActiveCfg = Debug|Any CPU
		{FB0B52F7-1D2D-4AB0-949E-A39F60EB3254}.Debug|ARM64.Build.0 = Debug|Any CPU
		{FB0B52F7-1D2D-4AB0-949E-A39F60EB3254}.Debug|x64.ActiveCfg = Debug|Any CPU
		{FB0B52F7-1D2D-4AB0-949E-A39F60EB3254}.Debug|x64.Build.0 = Debug|Any CPU
		{FB0B52F7-1D2D-4AB0-949E-A39F60EB3254}.Debug|x86.ActiveCfg = Debug|Any CPU
		{FB0B52F7-1D2D-4AB0-949E-A39F60EB3254}.Debug|x86.Build.0 = Debug|Any CPU
		{FB0B52F7-1D2D-4AB0-949E-A39F60EB3254}.Release|Any CPU.ActiveCfg = Release|Any CPU
		{FB0B52F7-1D2D-4AB0-949E-A39F60EB3254}.Release|Any CPU.Build.0 = Release|Any CPU
		{FB0B52F7-1D2D-4AB0-949E-A39F60EB3254}.Release|ARM.ActiveCfg = Release|Any CPU
		{FB0B52F7-1D2D-4AB0-949E-A39F60EB3254}.Release|ARM.Build.0 = Release|Any CPU
		{FB0B52F7-1D2D-4AB0-949E-A39F60EB3254}.Release|ARM64.ActiveCfg = Release|Any CPU
		{FB0B52F7-1D2D-4AB0-949E-A39F60EB3254}.Release|ARM64.Build.0 = Release|Any CPU
		{FB0B52F7-1D2D-4AB0-949E-A39F60EB3254}.Release|x64.ActiveCfg = Release|Any CPU
		{FB0B52F7-1D2D-4AB0-949E-A39F60EB3254}.Release|x64.Build.0 = Release|Any CPU
		{FB0B52F7-1D2D-4AB0-949E-A39F60EB3254}.Release|x86.ActiveCfg = Release|Any CPU
		{FB0B52F7-1D2D-4AB0-949E-A39F60EB3254}.Release|x86.Build.0 = Release|Any CPU
		{E58E72A2-9806-42E2-97C9-430067C0ED04}.Debug|Any CPU.ActiveCfg = Debug|Any CPU
		{E58E72A2-9806-42E2-97C9-430067C0ED04}.Debug|Any CPU.Build.0 = Debug|Any CPU
		{E58E72A2-9806-42E2-97C9-430067C0ED04}.Debug|ARM.ActiveCfg = Debug|Any CPU
		{E58E72A2-9806-42E2-97C9-430067C0ED04}.Debug|ARM.Build.0 = Debug|Any CPU
		{E58E72A2-9806-42E2-97C9-430067C0ED04}.Debug|ARM64.ActiveCfg = Debug|Any CPU
		{E58E72A2-9806-42E2-97C9-430067C0ED04}.Debug|ARM64.Build.0 = Debug|Any CPU
		{E58E72A2-9806-42E2-97C9-430067C0ED04}.Debug|x64.ActiveCfg = Debug|Any CPU
		{E58E72A2-9806-42E2-97C9-430067C0ED04}.Debug|x64.Build.0 = Debug|Any CPU
		{E58E72A2-9806-42E2-97C9-430067C0ED04}.Debug|x86.ActiveCfg = Debug|Any CPU
		{E58E72A2-9806-42E2-97C9-430067C0ED04}.Debug|x86.Build.0 = Debug|Any CPU
		{E58E72A2-9806-42E2-97C9-430067C0ED04}.Release|Any CPU.ActiveCfg = Release|Any CPU
		{E58E72A2-9806-42E2-97C9-430067C0ED04}.Release|Any CPU.Build.0 = Release|Any CPU
		{E58E72A2-9806-42E2-97C9-430067C0ED04}.Release|ARM.ActiveCfg = Release|Any CPU
		{E58E72A2-9806-42E2-97C9-430067C0ED04}.Release|ARM.Build.0 = Release|Any CPU
		{E58E72A2-9806-42E2-97C9-430067C0ED04}.Release|ARM64.ActiveCfg = Release|Any CPU
		{E58E72A2-9806-42E2-97C9-430067C0ED04}.Release|ARM64.Build.0 = Release|Any CPU
		{E58E72A2-9806-42E2-97C9-430067C0ED04}.Release|x64.ActiveCfg = Release|Any CPU
		{E58E72A2-9806-42E2-97C9-430067C0ED04}.Release|x64.Build.0 = Release|Any CPU
		{E58E72A2-9806-42E2-97C9-430067C0ED04}.Release|x86.ActiveCfg = Release|Any CPU
		{E58E72A2-9806-42E2-97C9-430067C0ED04}.Release|x86.Build.0 = Release|Any CPU
		{1D9F490C-B384-4775-8966-0C0DA2907860}.Debug|Any CPU.ActiveCfg = Debug|Any CPU
		{1D9F490C-B384-4775-8966-0C0DA2907860}.Debug|Any CPU.Build.0 = Debug|Any CPU
		{1D9F490C-B384-4775-8966-0C0DA2907860}.Debug|ARM.ActiveCfg = Debug|Any CPU
		{1D9F490C-B384-4775-8966-0C0DA2907860}.Debug|ARM.Build.0 = Debug|Any CPU
		{1D9F490C-B384-4775-8966-0C0DA2907860}.Debug|ARM64.ActiveCfg = Debug|Any CPU
		{1D9F490C-B384-4775-8966-0C0DA2907860}.Debug|ARM64.Build.0 = Debug|Any CPU
		{1D9F490C-B384-4775-8966-0C0DA2907860}.Debug|x64.ActiveCfg = Debug|Any CPU
		{1D9F490C-B384-4775-8966-0C0DA2907860}.Debug|x64.Build.0 = Debug|Any CPU
		{1D9F490C-B384-4775-8966-0C0DA2907860}.Debug|x86.ActiveCfg = Debug|Any CPU
		{1D9F490C-B384-4775-8966-0C0DA2907860}.Debug|x86.Build.0 = Debug|Any CPU
		{1D9F490C-B384-4775-8966-0C0DA2907860}.Release|Any CPU.ActiveCfg = Release|Any CPU
		{1D9F490C-B384-4775-8966-0C0DA2907860}.Release|Any CPU.Build.0 = Release|Any CPU
		{1D9F490C-B384-4775-8966-0C0DA2907860}.Release|ARM.ActiveCfg = Release|Any CPU
		{1D9F490C-B384-4775-8966-0C0DA2907860}.Release|ARM.Build.0 = Release|Any CPU
		{1D9F490C-B384-4775-8966-0C0DA2907860}.Release|ARM64.ActiveCfg = Release|Any CPU
		{1D9F490C-B384-4775-8966-0C0DA2907860}.Release|ARM64.Build.0 = Release|Any CPU
		{1D9F490C-B384-4775-8966-0C0DA2907860}.Release|x64.ActiveCfg = Release|Any CPU
		{1D9F490C-B384-4775-8966-0C0DA2907860}.Release|x64.Build.0 = Release|Any CPU
		{1D9F490C-B384-4775-8966-0C0DA2907860}.Release|x86.ActiveCfg = Release|Any CPU
		{1D9F490C-B384-4775-8966-0C0DA2907860}.Release|x86.Build.0 = Release|Any CPU
		{D81B3A87-129A-40C2-AFD4-DB98C9D11025}.Debug|Any CPU.ActiveCfg = Debug|Any CPU
		{D81B3A87-129A-40C2-AFD4-DB98C9D11025}.Debug|Any CPU.Build.0 = Debug|Any CPU
		{D81B3A87-129A-40C2-AFD4-DB98C9D11025}.Debug|ARM.ActiveCfg = Debug|Any CPU
		{D81B3A87-129A-40C2-AFD4-DB98C9D11025}.Debug|ARM.Build.0 = Debug|Any CPU
		{D81B3A87-129A-40C2-AFD4-DB98C9D11025}.Debug|ARM64.ActiveCfg = Debug|Any CPU
		{D81B3A87-129A-40C2-AFD4-DB98C9D11025}.Debug|ARM64.Build.0 = Debug|Any CPU
		{D81B3A87-129A-40C2-AFD4-DB98C9D11025}.Debug|x64.ActiveCfg = Debug|Any CPU
		{D81B3A87-129A-40C2-AFD4-DB98C9D11025}.Debug|x64.Build.0 = Debug|Any CPU
		{D81B3A87-129A-40C2-AFD4-DB98C9D11025}.Debug|x86.ActiveCfg = Debug|Any CPU
		{D81B3A87-129A-40C2-AFD4-DB98C9D11025}.Debug|x86.Build.0 = Debug|Any CPU
		{D81B3A87-129A-40C2-AFD4-DB98C9D11025}.Release|Any CPU.ActiveCfg = Release|Any CPU
		{D81B3A87-129A-40C2-AFD4-DB98C9D11025}.Release|Any CPU.Build.0 = Release|Any CPU
		{D81B3A87-129A-40C2-AFD4-DB98C9D11025}.Release|ARM.ActiveCfg = Release|Any CPU
		{D81B3A87-129A-40C2-AFD4-DB98C9D11025}.Release|ARM.Build.0 = Release|Any CPU
		{D81B3A87-129A-40C2-AFD4-DB98C9D11025}.Release|ARM64.ActiveCfg = Release|Any CPU
		{D81B3A87-129A-40C2-AFD4-DB98C9D11025}.Release|ARM64.Build.0 = Release|Any CPU
		{D81B3A87-129A-40C2-AFD4-DB98C9D11025}.Release|x64.ActiveCfg = Release|Any CPU
		{D81B3A87-129A-40C2-AFD4-DB98C9D11025}.Release|x64.Build.0 = Release|Any CPU
		{D81B3A87-129A-40C2-AFD4-DB98C9D11025}.Release|x86.ActiveCfg = Release|Any CPU
		{D81B3A87-129A-40C2-AFD4-DB98C9D11025}.Release|x86.Build.0 = Release|Any CPU
		{E327F5B2-F6A7-4674-8B79-C1F4E4D698F6}.Debug|Any CPU.ActiveCfg = Debug|Any CPU
		{E327F5B2-F6A7-4674-8B79-C1F4E4D698F6}.Debug|Any CPU.Build.0 = Debug|Any CPU
		{E327F5B2-F6A7-4674-8B79-C1F4E4D698F6}.Debug|ARM.ActiveCfg = Debug|Any CPU
		{E327F5B2-F6A7-4674-8B79-C1F4E4D698F6}.Debug|ARM64.ActiveCfg = Debug|Any CPU
		{E327F5B2-F6A7-4674-8B79-C1F4E4D698F6}.Debug|x64.ActiveCfg = Debug|Any CPU
		{E327F5B2-F6A7-4674-8B79-C1F4E4D698F6}.Debug|x86.ActiveCfg = Debug|Any CPU
		{E327F5B2-F6A7-4674-8B79-C1F4E4D698F6}.Release|Any CPU.ActiveCfg = Release|Any CPU
		{E327F5B2-F6A7-4674-8B79-C1F4E4D698F6}.Release|Any CPU.Build.0 = Release|Any CPU
		{E327F5B2-F6A7-4674-8B79-C1F4E4D698F6}.Release|ARM.ActiveCfg = Release|Any CPU
		{E327F5B2-F6A7-4674-8B79-C1F4E4D698F6}.Release|ARM64.ActiveCfg = Release|Any CPU
		{E327F5B2-F6A7-4674-8B79-C1F4E4D698F6}.Release|x64.ActiveCfg = Release|Any CPU
		{E327F5B2-F6A7-4674-8B79-C1F4E4D698F6}.Release|x86.ActiveCfg = Release|Any CPU
		{992BEC23-038D-4262-9847-AA5C2B1E6B71}.Debug|Any CPU.ActiveCfg = Debug|Any CPU
		{992BEC23-038D-4262-9847-AA5C2B1E6B71}.Debug|Any CPU.Build.0 = Debug|Any CPU
		{992BEC23-038D-4262-9847-AA5C2B1E6B71}.Debug|ARM.ActiveCfg = Debug|Any CPU
		{992BEC23-038D-4262-9847-AA5C2B1E6B71}.Debug|ARM.Build.0 = Debug|Any CPU
		{992BEC23-038D-4262-9847-AA5C2B1E6B71}.Debug|ARM64.ActiveCfg = Debug|Any CPU
		{992BEC23-038D-4262-9847-AA5C2B1E6B71}.Debug|ARM64.Build.0 = Debug|Any CPU
		{992BEC23-038D-4262-9847-AA5C2B1E6B71}.Debug|x64.ActiveCfg = Debug|Any CPU
		{992BEC23-038D-4262-9847-AA5C2B1E6B71}.Debug|x64.Build.0 = Debug|Any CPU
		{992BEC23-038D-4262-9847-AA5C2B1E6B71}.Debug|x86.ActiveCfg = Debug|Any CPU
		{992BEC23-038D-4262-9847-AA5C2B1E6B71}.Debug|x86.Build.0 = Debug|Any CPU
		{992BEC23-038D-4262-9847-AA5C2B1E6B71}.Release|Any CPU.ActiveCfg = Release|Any CPU
		{992BEC23-038D-4262-9847-AA5C2B1E6B71}.Release|Any CPU.Build.0 = Release|Any CPU
		{992BEC23-038D-4262-9847-AA5C2B1E6B71}.Release|ARM.ActiveCfg = Release|Any CPU
		{992BEC23-038D-4262-9847-AA5C2B1E6B71}.Release|ARM.Build.0 = Release|Any CPU
		{992BEC23-038D-4262-9847-AA5C2B1E6B71}.Release|ARM64.ActiveCfg = Release|Any CPU
		{992BEC23-038D-4262-9847-AA5C2B1E6B71}.Release|ARM64.Build.0 = Release|Any CPU
		{992BEC23-038D-4262-9847-AA5C2B1E6B71}.Release|x64.ActiveCfg = Release|Any CPU
		{992BEC23-038D-4262-9847-AA5C2B1E6B71}.Release|x64.Build.0 = Release|Any CPU
		{992BEC23-038D-4262-9847-AA5C2B1E6B71}.Release|x86.ActiveCfg = Release|Any CPU
		{992BEC23-038D-4262-9847-AA5C2B1E6B71}.Release|x86.Build.0 = Release|Any CPU
		{22275761-8947-4AD8-B767-79224B7D5462}.Debug|Any CPU.ActiveCfg = Debug|Any CPU
		{22275761-8947-4AD8-B767-79224B7D5462}.Debug|Any CPU.Build.0 = Debug|Any CPU
		{22275761-8947-4AD8-B767-79224B7D5462}.Debug|ARM.ActiveCfg = Debug|Any CPU
		{22275761-8947-4AD8-B767-79224B7D5462}.Debug|ARM.Build.0 = Debug|Any CPU
		{22275761-8947-4AD8-B767-79224B7D5462}.Debug|ARM64.ActiveCfg = Debug|Any CPU
		{22275761-8947-4AD8-B767-79224B7D5462}.Debug|ARM64.Build.0 = Debug|Any CPU
		{22275761-8947-4AD8-B767-79224B7D5462}.Debug|x64.ActiveCfg = Debug|Any CPU
		{22275761-8947-4AD8-B767-79224B7D5462}.Debug|x64.Build.0 = Debug|Any CPU
		{22275761-8947-4AD8-B767-79224B7D5462}.Debug|x86.ActiveCfg = Debug|Any CPU
		{22275761-8947-4AD8-B767-79224B7D5462}.Debug|x86.Build.0 = Debug|Any CPU
		{22275761-8947-4AD8-B767-79224B7D5462}.Release|Any CPU.ActiveCfg = Release|Any CPU
		{22275761-8947-4AD8-B767-79224B7D5462}.Release|Any CPU.Build.0 = Release|Any CPU
		{22275761-8947-4AD8-B767-79224B7D5462}.Release|ARM.ActiveCfg = Release|Any CPU
		{22275761-8947-4AD8-B767-79224B7D5462}.Release|ARM.Build.0 = Release|Any CPU
		{22275761-8947-4AD8-B767-79224B7D5462}.Release|ARM64.ActiveCfg = Release|Any CPU
		{22275761-8947-4AD8-B767-79224B7D5462}.Release|ARM64.Build.0 = Release|Any CPU
		{22275761-8947-4AD8-B767-79224B7D5462}.Release|x64.ActiveCfg = Release|Any CPU
		{22275761-8947-4AD8-B767-79224B7D5462}.Release|x64.Build.0 = Release|Any CPU
		{22275761-8947-4AD8-B767-79224B7D5462}.Release|x86.ActiveCfg = Release|Any CPU
		{22275761-8947-4AD8-B767-79224B7D5462}.Release|x86.Build.0 = Release|Any CPU
		{D3E76B73-25AA-4310-99F7-5E1CCB396E17}.Debug|Any CPU.ActiveCfg = Debug|Any CPU
		{D3E76B73-25AA-4310-99F7-5E1CCB396E17}.Debug|Any CPU.Build.0 = Debug|Any CPU
		{D3E76B73-25AA-4310-99F7-5E1CCB396E17}.Debug|ARM.ActiveCfg = Debug|Any CPU
		{D3E76B73-25AA-4310-99F7-5E1CCB396E17}.Debug|ARM.Build.0 = Debug|Any CPU
		{D3E76B73-25AA-4310-99F7-5E1CCB396E17}.Debug|ARM64.ActiveCfg = Debug|Any CPU
		{D3E76B73-25AA-4310-99F7-5E1CCB396E17}.Debug|ARM64.Build.0 = Debug|Any CPU
		{D3E76B73-25AA-4310-99F7-5E1CCB396E17}.Debug|x64.ActiveCfg = Debug|Any CPU
		{D3E76B73-25AA-4310-99F7-5E1CCB396E17}.Debug|x64.Build.0 = Debug|Any CPU
		{D3E76B73-25AA-4310-99F7-5E1CCB396E17}.Debug|x86.ActiveCfg = Debug|Any CPU
		{D3E76B73-25AA-4310-99F7-5E1CCB396E17}.Debug|x86.Build.0 = Debug|Any CPU
		{D3E76B73-25AA-4310-99F7-5E1CCB396E17}.Release|Any CPU.ActiveCfg = Release|Any CPU
		{D3E76B73-25AA-4310-99F7-5E1CCB396E17}.Release|Any CPU.Build.0 = Release|Any CPU
		{D3E76B73-25AA-4310-99F7-5E1CCB396E17}.Release|ARM.ActiveCfg = Release|Any CPU
		{D3E76B73-25AA-4310-99F7-5E1CCB396E17}.Release|ARM.Build.0 = Release|Any CPU
		{D3E76B73-25AA-4310-99F7-5E1CCB396E17}.Release|ARM64.ActiveCfg = Release|Any CPU
		{D3E76B73-25AA-4310-99F7-5E1CCB396E17}.Release|ARM64.Build.0 = Release|Any CPU
		{D3E76B73-25AA-4310-99F7-5E1CCB396E17}.Release|x64.ActiveCfg = Release|Any CPU
		{D3E76B73-25AA-4310-99F7-5E1CCB396E17}.Release|x64.Build.0 = Release|Any CPU
		{D3E76B73-25AA-4310-99F7-5E1CCB396E17}.Release|x86.ActiveCfg = Release|Any CPU
		{D3E76B73-25AA-4310-99F7-5E1CCB396E17}.Release|x86.Build.0 = Release|Any CPU
		{F3F1BA68-ADE0-450F-8C8A-74E7A0747FB5}.Debug|Any CPU.ActiveCfg = Debug|Any CPU
		{F3F1BA68-ADE0-450F-8C8A-74E7A0747FB5}.Debug|Any CPU.Build.0 = Debug|Any CPU
		{F3F1BA68-ADE0-450F-8C8A-74E7A0747FB5}.Debug|ARM.ActiveCfg = Debug|Any CPU
		{F3F1BA68-ADE0-450F-8C8A-74E7A0747FB5}.Debug|ARM.Build.0 = Debug|Any CPU
		{F3F1BA68-ADE0-450F-8C8A-74E7A0747FB5}.Debug|ARM64.ActiveCfg = Debug|Any CPU
		{F3F1BA68-ADE0-450F-8C8A-74E7A0747FB5}.Debug|ARM64.Build.0 = Debug|Any CPU
		{F3F1BA68-ADE0-450F-8C8A-74E7A0747FB5}.Debug|x64.ActiveCfg = Debug|Any CPU
		{F3F1BA68-ADE0-450F-8C8A-74E7A0747FB5}.Debug|x64.Build.0 = Debug|Any CPU
		{F3F1BA68-ADE0-450F-8C8A-74E7A0747FB5}.Debug|x86.ActiveCfg = Debug|Any CPU
		{F3F1BA68-ADE0-450F-8C8A-74E7A0747FB5}.Debug|x86.Build.0 = Debug|Any CPU
		{F3F1BA68-ADE0-450F-8C8A-74E7A0747FB5}.Release|Any CPU.ActiveCfg = Release|Any CPU
		{F3F1BA68-ADE0-450F-8C8A-74E7A0747FB5}.Release|Any CPU.Build.0 = Release|Any CPU
		{F3F1BA68-ADE0-450F-8C8A-74E7A0747FB5}.Release|ARM.ActiveCfg = Release|Any CPU
		{F3F1BA68-ADE0-450F-8C8A-74E7A0747FB5}.Release|ARM.Build.0 = Release|Any CPU
		{F3F1BA68-ADE0-450F-8C8A-74E7A0747FB5}.Release|ARM64.ActiveCfg = Release|Any CPU
		{F3F1BA68-ADE0-450F-8C8A-74E7A0747FB5}.Release|ARM64.Build.0 = Release|Any CPU
		{F3F1BA68-ADE0-450F-8C8A-74E7A0747FB5}.Release|x64.ActiveCfg = Release|Any CPU
		{F3F1BA68-ADE0-450F-8C8A-74E7A0747FB5}.Release|x64.Build.0 = Release|Any CPU
		{F3F1BA68-ADE0-450F-8C8A-74E7A0747FB5}.Release|x86.ActiveCfg = Release|Any CPU
		{F3F1BA68-ADE0-450F-8C8A-74E7A0747FB5}.Release|x86.Build.0 = Release|Any CPU
		{725E807F-6A57-4C8E-91CB-6DCE8AE0637E}.Debug|Any CPU.ActiveCfg = Debug|Any CPU
		{725E807F-6A57-4C8E-91CB-6DCE8AE0637E}.Debug|Any CPU.Build.0 = Debug|Any CPU
		{725E807F-6A57-4C8E-91CB-6DCE8AE0637E}.Debug|ARM.ActiveCfg = Debug|Any CPU
		{725E807F-6A57-4C8E-91CB-6DCE8AE0637E}.Debug|ARM.Build.0 = Debug|Any CPU
		{725E807F-6A57-4C8E-91CB-6DCE8AE0637E}.Debug|ARM64.ActiveCfg = Debug|Any CPU
		{725E807F-6A57-4C8E-91CB-6DCE8AE0637E}.Debug|ARM64.Build.0 = Debug|Any CPU
		{725E807F-6A57-4C8E-91CB-6DCE8AE0637E}.Debug|x64.ActiveCfg = Debug|Any CPU
		{725E807F-6A57-4C8E-91CB-6DCE8AE0637E}.Debug|x64.Build.0 = Debug|Any CPU
		{725E807F-6A57-4C8E-91CB-6DCE8AE0637E}.Debug|x86.ActiveCfg = Debug|Any CPU
		{725E807F-6A57-4C8E-91CB-6DCE8AE0637E}.Debug|x86.Build.0 = Debug|Any CPU
		{725E807F-6A57-4C8E-91CB-6DCE8AE0637E}.Release|Any CPU.ActiveCfg = Release|Any CPU
		{725E807F-6A57-4C8E-91CB-6DCE8AE0637E}.Release|Any CPU.Build.0 = Release|Any CPU
		{725E807F-6A57-4C8E-91CB-6DCE8AE0637E}.Release|ARM.ActiveCfg = Release|Any CPU
		{725E807F-6A57-4C8E-91CB-6DCE8AE0637E}.Release|ARM.Build.0 = Release|Any CPU
		{725E807F-6A57-4C8E-91CB-6DCE8AE0637E}.Release|ARM64.ActiveCfg = Release|Any CPU
		{725E807F-6A57-4C8E-91CB-6DCE8AE0637E}.Release|ARM64.Build.0 = Release|Any CPU
		{725E807F-6A57-4C8E-91CB-6DCE8AE0637E}.Release|x64.ActiveCfg = Release|Any CPU
		{725E807F-6A57-4C8E-91CB-6DCE8AE0637E}.Release|x64.Build.0 = Release|Any CPU
		{725E807F-6A57-4C8E-91CB-6DCE8AE0637E}.Release|x86.ActiveCfg = Release|Any CPU
		{725E807F-6A57-4C8E-91CB-6DCE8AE0637E}.Release|x86.Build.0 = Release|Any CPU
		{F513F0C4-BE43-4BE4-95CB-99EDD0759B16}.Debug|Any CPU.ActiveCfg = Debug|Any CPU
		{F513F0C4-BE43-4BE4-95CB-99EDD0759B16}.Debug|Any CPU.Build.0 = Debug|Any CPU
		{F513F0C4-BE43-4BE4-95CB-99EDD0759B16}.Debug|ARM.ActiveCfg = Debug|Any CPU
		{F513F0C4-BE43-4BE4-95CB-99EDD0759B16}.Debug|ARM.Build.0 = Debug|Any CPU
		{F513F0C4-BE43-4BE4-95CB-99EDD0759B16}.Debug|ARM64.ActiveCfg = Debug|Any CPU
		{F513F0C4-BE43-4BE4-95CB-99EDD0759B16}.Debug|ARM64.Build.0 = Debug|Any CPU
		{F513F0C4-BE43-4BE4-95CB-99EDD0759B16}.Debug|x64.ActiveCfg = Debug|Any CPU
		{F513F0C4-BE43-4BE4-95CB-99EDD0759B16}.Debug|x64.Build.0 = Debug|Any CPU
		{F513F0C4-BE43-4BE4-95CB-99EDD0759B16}.Debug|x86.ActiveCfg = Debug|Any CPU
		{F513F0C4-BE43-4BE4-95CB-99EDD0759B16}.Debug|x86.Build.0 = Debug|Any CPU
		{F513F0C4-BE43-4BE4-95CB-99EDD0759B16}.Release|Any CPU.ActiveCfg = Release|Any CPU
		{F513F0C4-BE43-4BE4-95CB-99EDD0759B16}.Release|Any CPU.Build.0 = Release|Any CPU
		{F513F0C4-BE43-4BE4-95CB-99EDD0759B16}.Release|ARM.ActiveCfg = Release|Any CPU
		{F513F0C4-BE43-4BE4-95CB-99EDD0759B16}.Release|ARM.Build.0 = Release|Any CPU
		{F513F0C4-BE43-4BE4-95CB-99EDD0759B16}.Release|ARM64.ActiveCfg = Release|Any CPU
		{F513F0C4-BE43-4BE4-95CB-99EDD0759B16}.Release|ARM64.Build.0 = Release|Any CPU
		{F513F0C4-BE43-4BE4-95CB-99EDD0759B16}.Release|x64.ActiveCfg = Release|Any CPU
		{F513F0C4-BE43-4BE4-95CB-99EDD0759B16}.Release|x64.Build.0 = Release|Any CPU
		{F513F0C4-BE43-4BE4-95CB-99EDD0759B16}.Release|x86.ActiveCfg = Release|Any CPU
		{F513F0C4-BE43-4BE4-95CB-99EDD0759B16}.Release|x86.Build.0 = Release|Any CPU
		{8AED38BE-B129-4184-A207-A476F843A76F}.Debug|Any CPU.ActiveCfg = Debug|Any CPU
		{8AED38BE-B129-4184-A207-A476F843A76F}.Debug|Any CPU.Build.0 = Debug|Any CPU
		{8AED38BE-B129-4184-A207-A476F843A76F}.Debug|ARM.ActiveCfg = Debug|Any CPU
		{8AED38BE-B129-4184-A207-A476F843A76F}.Debug|ARM.Build.0 = Debug|Any CPU
		{8AED38BE-B129-4184-A207-A476F843A76F}.Debug|ARM64.ActiveCfg = Debug|Any CPU
		{8AED38BE-B129-4184-A207-A476F843A76F}.Debug|ARM64.Build.0 = Debug|Any CPU
		{8AED38BE-B129-4184-A207-A476F843A76F}.Debug|x64.ActiveCfg = Debug|Any CPU
		{8AED38BE-B129-4184-A207-A476F843A76F}.Debug|x64.Build.0 = Debug|Any CPU
		{8AED38BE-B129-4184-A207-A476F843A76F}.Debug|x86.ActiveCfg = Debug|Any CPU
		{8AED38BE-B129-4184-A207-A476F843A76F}.Debug|x86.Build.0 = Debug|Any CPU
		{8AED38BE-B129-4184-A207-A476F843A76F}.Release|Any CPU.ActiveCfg = Release|Any CPU
		{8AED38BE-B129-4184-A207-A476F843A76F}.Release|Any CPU.Build.0 = Release|Any CPU
		{8AED38BE-B129-4184-A207-A476F843A76F}.Release|ARM.ActiveCfg = Release|Any CPU
		{8AED38BE-B129-4184-A207-A476F843A76F}.Release|ARM.Build.0 = Release|Any CPU
		{8AED38BE-B129-4184-A207-A476F843A76F}.Release|ARM64.ActiveCfg = Release|Any CPU
		{8AED38BE-B129-4184-A207-A476F843A76F}.Release|ARM64.Build.0 = Release|Any CPU
		{8AED38BE-B129-4184-A207-A476F843A76F}.Release|x64.ActiveCfg = Release|Any CPU
		{8AED38BE-B129-4184-A207-A476F843A76F}.Release|x64.Build.0 = Release|Any CPU
		{8AED38BE-B129-4184-A207-A476F843A76F}.Release|x86.ActiveCfg = Release|Any CPU
		{8AED38BE-B129-4184-A207-A476F843A76F}.Release|x86.Build.0 = Release|Any CPU
		{5BB3B842-246A-4F08-B06C-AE790EBCA4F6}.Debug|Any CPU.ActiveCfg = Debug|Any CPU
		{5BB3B842-246A-4F08-B06C-AE790EBCA4F6}.Debug|Any CPU.Build.0 = Debug|Any CPU
		{5BB3B842-246A-4F08-B06C-AE790EBCA4F6}.Debug|ARM.ActiveCfg = Debug|Any CPU
		{5BB3B842-246A-4F08-B06C-AE790EBCA4F6}.Debug|ARM.Build.0 = Debug|Any CPU
		{5BB3B842-246A-4F08-B06C-AE790EBCA4F6}.Debug|ARM64.ActiveCfg = Debug|Any CPU
		{5BB3B842-246A-4F08-B06C-AE790EBCA4F6}.Debug|ARM64.Build.0 = Debug|Any CPU
		{5BB3B842-246A-4F08-B06C-AE790EBCA4F6}.Debug|x64.ActiveCfg = Debug|Any CPU
		{5BB3B842-246A-4F08-B06C-AE790EBCA4F6}.Debug|x64.Build.0 = Debug|Any CPU
		{5BB3B842-246A-4F08-B06C-AE790EBCA4F6}.Debug|x86.ActiveCfg = Debug|Any CPU
		{5BB3B842-246A-4F08-B06C-AE790EBCA4F6}.Debug|x86.Build.0 = Debug|Any CPU
		{5BB3B842-246A-4F08-B06C-AE790EBCA4F6}.Release|Any CPU.ActiveCfg = Release|Any CPU
		{5BB3B842-246A-4F08-B06C-AE790EBCA4F6}.Release|Any CPU.Build.0 = Release|Any CPU
		{5BB3B842-246A-4F08-B06C-AE790EBCA4F6}.Release|ARM.ActiveCfg = Release|Any CPU
		{5BB3B842-246A-4F08-B06C-AE790EBCA4F6}.Release|ARM.Build.0 = Release|Any CPU
		{5BB3B842-246A-4F08-B06C-AE790EBCA4F6}.Release|ARM64.ActiveCfg = Release|Any CPU
		{5BB3B842-246A-4F08-B06C-AE790EBCA4F6}.Release|ARM64.Build.0 = Release|Any CPU
		{5BB3B842-246A-4F08-B06C-AE790EBCA4F6}.Release|x64.ActiveCfg = Release|Any CPU
		{5BB3B842-246A-4F08-B06C-AE790EBCA4F6}.Release|x64.Build.0 = Release|Any CPU
		{5BB3B842-246A-4F08-B06C-AE790EBCA4F6}.Release|x86.ActiveCfg = Release|Any CPU
		{5BB3B842-246A-4F08-B06C-AE790EBCA4F6}.Release|x86.Build.0 = Release|Any CPU
		{CAD16EBC-C0C8-477C-803C-67AF3DB2FBB4}.Debug|Any CPU.ActiveCfg = Debug|Any CPU
		{CAD16EBC-C0C8-477C-803C-67AF3DB2FBB4}.Debug|Any CPU.Build.0 = Debug|Any CPU
		{CAD16EBC-C0C8-477C-803C-67AF3DB2FBB4}.Debug|ARM.ActiveCfg = Debug|Any CPU
		{CAD16EBC-C0C8-477C-803C-67AF3DB2FBB4}.Debug|ARM.Build.0 = Debug|Any CPU
		{CAD16EBC-C0C8-477C-803C-67AF3DB2FBB4}.Debug|ARM64.ActiveCfg = Debug|Any CPU
		{CAD16EBC-C0C8-477C-803C-67AF3DB2FBB4}.Debug|ARM64.Build.0 = Debug|Any CPU
		{CAD16EBC-C0C8-477C-803C-67AF3DB2FBB4}.Debug|x64.ActiveCfg = Debug|Any CPU
		{CAD16EBC-C0C8-477C-803C-67AF3DB2FBB4}.Debug|x64.Build.0 = Debug|Any CPU
		{CAD16EBC-C0C8-477C-803C-67AF3DB2FBB4}.Debug|x86.ActiveCfg = Debug|Any CPU
		{CAD16EBC-C0C8-477C-803C-67AF3DB2FBB4}.Debug|x86.Build.0 = Debug|Any CPU
		{CAD16EBC-C0C8-477C-803C-67AF3DB2FBB4}.Release|Any CPU.ActiveCfg = Release|Any CPU
		{CAD16EBC-C0C8-477C-803C-67AF3DB2FBB4}.Release|Any CPU.Build.0 = Release|Any CPU
		{CAD16EBC-C0C8-477C-803C-67AF3DB2FBB4}.Release|ARM.ActiveCfg = Release|Any CPU
		{CAD16EBC-C0C8-477C-803C-67AF3DB2FBB4}.Release|ARM.Build.0 = Release|Any CPU
		{CAD16EBC-C0C8-477C-803C-67AF3DB2FBB4}.Release|ARM64.ActiveCfg = Release|Any CPU
		{CAD16EBC-C0C8-477C-803C-67AF3DB2FBB4}.Release|ARM64.Build.0 = Release|Any CPU
		{CAD16EBC-C0C8-477C-803C-67AF3DB2FBB4}.Release|x64.ActiveCfg = Release|Any CPU
		{CAD16EBC-C0C8-477C-803C-67AF3DB2FBB4}.Release|x64.Build.0 = Release|Any CPU
		{CAD16EBC-C0C8-477C-803C-67AF3DB2FBB4}.Release|x86.ActiveCfg = Release|Any CPU
		{CAD16EBC-C0C8-477C-803C-67AF3DB2FBB4}.Release|x86.Build.0 = Release|Any CPU
		{37F148B1-E9BC-4959-BEBE-477BDBBB2060}.Debug|Any CPU.ActiveCfg = Debug|Any CPU
		{37F148B1-E9BC-4959-BEBE-477BDBBB2060}.Debug|Any CPU.Build.0 = Debug|Any CPU
		{37F148B1-E9BC-4959-BEBE-477BDBBB2060}.Debug|ARM.ActiveCfg = Debug|Any CPU
		{37F148B1-E9BC-4959-BEBE-477BDBBB2060}.Debug|ARM.Build.0 = Debug|Any CPU
		{37F148B1-E9BC-4959-BEBE-477BDBBB2060}.Debug|ARM64.ActiveCfg = Debug|Any CPU
		{37F148B1-E9BC-4959-BEBE-477BDBBB2060}.Debug|ARM64.Build.0 = Debug|Any CPU
		{37F148B1-E9BC-4959-BEBE-477BDBBB2060}.Debug|x64.ActiveCfg = Debug|Any CPU
		{37F148B1-E9BC-4959-BEBE-477BDBBB2060}.Debug|x64.Build.0 = Debug|Any CPU
		{37F148B1-E9BC-4959-BEBE-477BDBBB2060}.Debug|x86.ActiveCfg = Debug|Any CPU
		{37F148B1-E9BC-4959-BEBE-477BDBBB2060}.Debug|x86.Build.0 = Debug|Any CPU
		{37F148B1-E9BC-4959-BEBE-477BDBBB2060}.Release|Any CPU.ActiveCfg = Release|Any CPU
		{37F148B1-E9BC-4959-BEBE-477BDBBB2060}.Release|Any CPU.Build.0 = Release|Any CPU
		{37F148B1-E9BC-4959-BEBE-477BDBBB2060}.Release|ARM.ActiveCfg = Release|Any CPU
		{37F148B1-E9BC-4959-BEBE-477BDBBB2060}.Release|ARM.Build.0 = Release|Any CPU
		{37F148B1-E9BC-4959-BEBE-477BDBBB2060}.Release|ARM64.ActiveCfg = Release|Any CPU
		{37F148B1-E9BC-4959-BEBE-477BDBBB2060}.Release|ARM64.Build.0 = Release|Any CPU
		{37F148B1-E9BC-4959-BEBE-477BDBBB2060}.Release|x64.ActiveCfg = Release|Any CPU
		{37F148B1-E9BC-4959-BEBE-477BDBBB2060}.Release|x64.Build.0 = Release|Any CPU
		{37F148B1-E9BC-4959-BEBE-477BDBBB2060}.Release|x86.ActiveCfg = Release|Any CPU
		{37F148B1-E9BC-4959-BEBE-477BDBBB2060}.Release|x86.Build.0 = Release|Any CPU
		{00432933-0FC0-4DC7-8A25-F100CDBDB058}.Debug|Any CPU.ActiveCfg = Debug|Any CPU
		{00432933-0FC0-4DC7-8A25-F100CDBDB058}.Debug|Any CPU.Build.0 = Debug|Any CPU
		{00432933-0FC0-4DC7-8A25-F100CDBDB058}.Debug|ARM.ActiveCfg = Debug|Any CPU
		{00432933-0FC0-4DC7-8A25-F100CDBDB058}.Debug|ARM.Build.0 = Debug|Any CPU
		{00432933-0FC0-4DC7-8A25-F100CDBDB058}.Debug|ARM64.ActiveCfg = Debug|Any CPU
		{00432933-0FC0-4DC7-8A25-F100CDBDB058}.Debug|ARM64.Build.0 = Debug|Any CPU
		{00432933-0FC0-4DC7-8A25-F100CDBDB058}.Debug|x64.ActiveCfg = Debug|Any CPU
		{00432933-0FC0-4DC7-8A25-F100CDBDB058}.Debug|x64.Build.0 = Debug|Any CPU
		{00432933-0FC0-4DC7-8A25-F100CDBDB058}.Debug|x86.ActiveCfg = Debug|Any CPU
		{00432933-0FC0-4DC7-8A25-F100CDBDB058}.Debug|x86.Build.0 = Debug|Any CPU
		{00432933-0FC0-4DC7-8A25-F100CDBDB058}.Release|Any CPU.ActiveCfg = Release|Any CPU
		{00432933-0FC0-4DC7-8A25-F100CDBDB058}.Release|Any CPU.Build.0 = Release|Any CPU
		{00432933-0FC0-4DC7-8A25-F100CDBDB058}.Release|ARM.ActiveCfg = Release|Any CPU
		{00432933-0FC0-4DC7-8A25-F100CDBDB058}.Release|ARM.Build.0 = Release|Any CPU
		{00432933-0FC0-4DC7-8A25-F100CDBDB058}.Release|ARM64.ActiveCfg = Release|Any CPU
		{00432933-0FC0-4DC7-8A25-F100CDBDB058}.Release|ARM64.Build.0 = Release|Any CPU
		{00432933-0FC0-4DC7-8A25-F100CDBDB058}.Release|x64.ActiveCfg = Release|Any CPU
		{00432933-0FC0-4DC7-8A25-F100CDBDB058}.Release|x64.Build.0 = Release|Any CPU
		{00432933-0FC0-4DC7-8A25-F100CDBDB058}.Release|x86.ActiveCfg = Release|Any CPU
		{00432933-0FC0-4DC7-8A25-F100CDBDB058}.Release|x86.Build.0 = Release|Any CPU
		{3B545EE3-2C38-45AB-B5FD-00767017097F}.Debug|Any CPU.ActiveCfg = Debug|Any CPU
		{3B545EE3-2C38-45AB-B5FD-00767017097F}.Debug|Any CPU.Build.0 = Debug|Any CPU
		{3B545EE3-2C38-45AB-B5FD-00767017097F}.Debug|ARM.ActiveCfg = Debug|Any CPU
		{3B545EE3-2C38-45AB-B5FD-00767017097F}.Debug|ARM.Build.0 = Debug|Any CPU
		{3B545EE3-2C38-45AB-B5FD-00767017097F}.Debug|ARM64.ActiveCfg = Debug|Any CPU
		{3B545EE3-2C38-45AB-B5FD-00767017097F}.Debug|ARM64.Build.0 = Debug|Any CPU
		{3B545EE3-2C38-45AB-B5FD-00767017097F}.Debug|x64.ActiveCfg = Debug|Any CPU
		{3B545EE3-2C38-45AB-B5FD-00767017097F}.Debug|x64.Build.0 = Debug|Any CPU
		{3B545EE3-2C38-45AB-B5FD-00767017097F}.Debug|x86.ActiveCfg = Debug|Any CPU
		{3B545EE3-2C38-45AB-B5FD-00767017097F}.Debug|x86.Build.0 = Debug|Any CPU
		{3B545EE3-2C38-45AB-B5FD-00767017097F}.Release|Any CPU.ActiveCfg = Release|Any CPU
		{3B545EE3-2C38-45AB-B5FD-00767017097F}.Release|Any CPU.Build.0 = Release|Any CPU
		{3B545EE3-2C38-45AB-B5FD-00767017097F}.Release|ARM.ActiveCfg = Release|Any CPU
		{3B545EE3-2C38-45AB-B5FD-00767017097F}.Release|ARM.Build.0 = Release|Any CPU
		{3B545EE3-2C38-45AB-B5FD-00767017097F}.Release|ARM64.ActiveCfg = Release|Any CPU
		{3B545EE3-2C38-45AB-B5FD-00767017097F}.Release|ARM64.Build.0 = Release|Any CPU
		{3B545EE3-2C38-45AB-B5FD-00767017097F}.Release|x64.ActiveCfg = Release|Any CPU
		{3B545EE3-2C38-45AB-B5FD-00767017097F}.Release|x64.Build.0 = Release|Any CPU
		{3B545EE3-2C38-45AB-B5FD-00767017097F}.Release|x86.ActiveCfg = Release|Any CPU
		{3B545EE3-2C38-45AB-B5FD-00767017097F}.Release|x86.Build.0 = Release|Any CPU
		{37E1D969-10A0-4457-909B-AA92E1EBB776}.Debug|Any CPU.ActiveCfg = Debug|Any CPU
		{37E1D969-10A0-4457-909B-AA92E1EBB776}.Debug|Any CPU.Build.0 = Debug|Any CPU
		{37E1D969-10A0-4457-909B-AA92E1EBB776}.Debug|ARM.ActiveCfg = Debug|Any CPU
		{37E1D969-10A0-4457-909B-AA92E1EBB776}.Debug|ARM.Build.0 = Debug|Any CPU
		{37E1D969-10A0-4457-909B-AA92E1EBB776}.Debug|ARM64.ActiveCfg = Debug|Any CPU
		{37E1D969-10A0-4457-909B-AA92E1EBB776}.Debug|ARM64.Build.0 = Debug|Any CPU
		{37E1D969-10A0-4457-909B-AA92E1EBB776}.Debug|x64.ActiveCfg = Debug|Any CPU
		{37E1D969-10A0-4457-909B-AA92E1EBB776}.Debug|x64.Build.0 = Debug|Any CPU
		{37E1D969-10A0-4457-909B-AA92E1EBB776}.Debug|x86.ActiveCfg = Debug|Any CPU
		{37E1D969-10A0-4457-909B-AA92E1EBB776}.Debug|x86.Build.0 = Debug|Any CPU
		{37E1D969-10A0-4457-909B-AA92E1EBB776}.Release|Any CPU.ActiveCfg = Release|Any CPU
		{37E1D969-10A0-4457-909B-AA92E1EBB776}.Release|Any CPU.Build.0 = Release|Any CPU
		{37E1D969-10A0-4457-909B-AA92E1EBB776}.Release|ARM.ActiveCfg = Release|Any CPU
		{37E1D969-10A0-4457-909B-AA92E1EBB776}.Release|ARM.Build.0 = Release|Any CPU
		{37E1D969-10A0-4457-909B-AA92E1EBB776}.Release|ARM64.ActiveCfg = Release|Any CPU
		{37E1D969-10A0-4457-909B-AA92E1EBB776}.Release|ARM64.Build.0 = Release|Any CPU
		{37E1D969-10A0-4457-909B-AA92E1EBB776}.Release|x64.ActiveCfg = Release|Any CPU
		{37E1D969-10A0-4457-909B-AA92E1EBB776}.Release|x64.Build.0 = Release|Any CPU
		{37E1D969-10A0-4457-909B-AA92E1EBB776}.Release|x86.ActiveCfg = Release|Any CPU
		{37E1D969-10A0-4457-909B-AA92E1EBB776}.Release|x86.Build.0 = Release|Any CPU
		{93A2427C-573E-4100-AB1E-D077C8FF0DDE}.Debug|Any CPU.ActiveCfg = Debug|Any CPU
		{93A2427C-573E-4100-AB1E-D077C8FF0DDE}.Debug|Any CPU.Build.0 = Debug|Any CPU
		{93A2427C-573E-4100-AB1E-D077C8FF0DDE}.Debug|ARM.ActiveCfg = Debug|Any CPU
		{93A2427C-573E-4100-AB1E-D077C8FF0DDE}.Debug|ARM.Build.0 = Debug|Any CPU
		{93A2427C-573E-4100-AB1E-D077C8FF0DDE}.Debug|ARM64.ActiveCfg = Debug|Any CPU
		{93A2427C-573E-4100-AB1E-D077C8FF0DDE}.Debug|ARM64.Build.0 = Debug|Any CPU
		{93A2427C-573E-4100-AB1E-D077C8FF0DDE}.Debug|x64.ActiveCfg = Debug|Any CPU
		{93A2427C-573E-4100-AB1E-D077C8FF0DDE}.Debug|x64.Build.0 = Debug|Any CPU
		{93A2427C-573E-4100-AB1E-D077C8FF0DDE}.Debug|x86.ActiveCfg = Debug|Any CPU
		{93A2427C-573E-4100-AB1E-D077C8FF0DDE}.Debug|x86.Build.0 = Debug|Any CPU
		{93A2427C-573E-4100-AB1E-D077C8FF0DDE}.Release|Any CPU.ActiveCfg = Release|Any CPU
		{93A2427C-573E-4100-AB1E-D077C8FF0DDE}.Release|Any CPU.Build.0 = Release|Any CPU
		{93A2427C-573E-4100-AB1E-D077C8FF0DDE}.Release|ARM.ActiveCfg = Release|Any CPU
		{93A2427C-573E-4100-AB1E-D077C8FF0DDE}.Release|ARM.Build.0 = Release|Any CPU
		{93A2427C-573E-4100-AB1E-D077C8FF0DDE}.Release|ARM64.ActiveCfg = Release|Any CPU
		{93A2427C-573E-4100-AB1E-D077C8FF0DDE}.Release|ARM64.Build.0 = Release|Any CPU
		{93A2427C-573E-4100-AB1E-D077C8FF0DDE}.Release|x64.ActiveCfg = Release|Any CPU
		{93A2427C-573E-4100-AB1E-D077C8FF0DDE}.Release|x64.Build.0 = Release|Any CPU
		{93A2427C-573E-4100-AB1E-D077C8FF0DDE}.Release|x86.ActiveCfg = Release|Any CPU
		{93A2427C-573E-4100-AB1E-D077C8FF0DDE}.Release|x86.Build.0 = Release|Any CPU
		{2803D0D9-7A09-4601-A6EE-898EECCB4544}.Debug|Any CPU.ActiveCfg = Debug|Any CPU
		{2803D0D9-7A09-4601-A6EE-898EECCB4544}.Debug|Any CPU.Build.0 = Debug|Any CPU
		{2803D0D9-7A09-4601-A6EE-898EECCB4544}.Debug|ARM.ActiveCfg = Debug|Any CPU
		{2803D0D9-7A09-4601-A6EE-898EECCB4544}.Debug|ARM.Build.0 = Debug|Any CPU
		{2803D0D9-7A09-4601-A6EE-898EECCB4544}.Debug|ARM64.ActiveCfg = Debug|Any CPU
		{2803D0D9-7A09-4601-A6EE-898EECCB4544}.Debug|ARM64.Build.0 = Debug|Any CPU
		{2803D0D9-7A09-4601-A6EE-898EECCB4544}.Debug|x64.ActiveCfg = Debug|Any CPU
		{2803D0D9-7A09-4601-A6EE-898EECCB4544}.Debug|x64.Build.0 = Debug|Any CPU
		{2803D0D9-7A09-4601-A6EE-898EECCB4544}.Debug|x86.ActiveCfg = Debug|Any CPU
		{2803D0D9-7A09-4601-A6EE-898EECCB4544}.Debug|x86.Build.0 = Debug|Any CPU
		{2803D0D9-7A09-4601-A6EE-898EECCB4544}.Release|Any CPU.ActiveCfg = Release|Any CPU
		{2803D0D9-7A09-4601-A6EE-898EECCB4544}.Release|Any CPU.Build.0 = Release|Any CPU
		{2803D0D9-7A09-4601-A6EE-898EECCB4544}.Release|ARM.ActiveCfg = Release|Any CPU
		{2803D0D9-7A09-4601-A6EE-898EECCB4544}.Release|ARM.Build.0 = Release|Any CPU
		{2803D0D9-7A09-4601-A6EE-898EECCB4544}.Release|ARM64.ActiveCfg = Release|Any CPU
		{2803D0D9-7A09-4601-A6EE-898EECCB4544}.Release|ARM64.Build.0 = Release|Any CPU
		{2803D0D9-7A09-4601-A6EE-898EECCB4544}.Release|x64.ActiveCfg = Release|Any CPU
		{2803D0D9-7A09-4601-A6EE-898EECCB4544}.Release|x64.Build.0 = Release|Any CPU
		{2803D0D9-7A09-4601-A6EE-898EECCB4544}.Release|x86.ActiveCfg = Release|Any CPU
		{2803D0D9-7A09-4601-A6EE-898EECCB4544}.Release|x86.Build.0 = Release|Any CPU
		{440DFD80-0EA3-4F1A-BDAA-64D14E19FBF5}.Debug|Any CPU.ActiveCfg = Debug|Any CPU
		{440DFD80-0EA3-4F1A-BDAA-64D14E19FBF5}.Debug|Any CPU.Build.0 = Debug|Any CPU
		{440DFD80-0EA3-4F1A-BDAA-64D14E19FBF5}.Debug|ARM.ActiveCfg = Debug|Any CPU
		{440DFD80-0EA3-4F1A-BDAA-64D14E19FBF5}.Debug|ARM.Build.0 = Debug|Any CPU
		{440DFD80-0EA3-4F1A-BDAA-64D14E19FBF5}.Debug|ARM64.ActiveCfg = Debug|Any CPU
		{440DFD80-0EA3-4F1A-BDAA-64D14E19FBF5}.Debug|ARM64.Build.0 = Debug|Any CPU
		{440DFD80-0EA3-4F1A-BDAA-64D14E19FBF5}.Debug|x64.ActiveCfg = Debug|Any CPU
		{440DFD80-0EA3-4F1A-BDAA-64D14E19FBF5}.Debug|x64.Build.0 = Debug|Any CPU
		{440DFD80-0EA3-4F1A-BDAA-64D14E19FBF5}.Debug|x86.ActiveCfg = Debug|Any CPU
		{440DFD80-0EA3-4F1A-BDAA-64D14E19FBF5}.Debug|x86.Build.0 = Debug|Any CPU
		{440DFD80-0EA3-4F1A-BDAA-64D14E19FBF5}.Release|Any CPU.ActiveCfg = Release|Any CPU
		{440DFD80-0EA3-4F1A-BDAA-64D14E19FBF5}.Release|Any CPU.Build.0 = Release|Any CPU
		{440DFD80-0EA3-4F1A-BDAA-64D14E19FBF5}.Release|ARM.ActiveCfg = Release|Any CPU
		{440DFD80-0EA3-4F1A-BDAA-64D14E19FBF5}.Release|ARM.Build.0 = Release|Any CPU
		{440DFD80-0EA3-4F1A-BDAA-64D14E19FBF5}.Release|ARM64.ActiveCfg = Release|Any CPU
		{440DFD80-0EA3-4F1A-BDAA-64D14E19FBF5}.Release|ARM64.Build.0 = Release|Any CPU
		{440DFD80-0EA3-4F1A-BDAA-64D14E19FBF5}.Release|x64.ActiveCfg = Release|Any CPU
		{440DFD80-0EA3-4F1A-BDAA-64D14E19FBF5}.Release|x64.Build.0 = Release|Any CPU
		{440DFD80-0EA3-4F1A-BDAA-64D14E19FBF5}.Release|x86.ActiveCfg = Release|Any CPU
		{440DFD80-0EA3-4F1A-BDAA-64D14E19FBF5}.Release|x86.Build.0 = Release|Any CPU
		{20DE81ED-4853-47DD-8148-F0AA4700BD23}.Debug|Any CPU.ActiveCfg = Debug|Any CPU
		{20DE81ED-4853-47DD-8148-F0AA4700BD23}.Debug|Any CPU.Build.0 = Debug|Any CPU
		{20DE81ED-4853-47DD-8148-F0AA4700BD23}.Debug|ARM.ActiveCfg = Debug|Any CPU
		{20DE81ED-4853-47DD-8148-F0AA4700BD23}.Debug|ARM.Build.0 = Debug|Any CPU
		{20DE81ED-4853-47DD-8148-F0AA4700BD23}.Debug|ARM64.ActiveCfg = Debug|Any CPU
		{20DE81ED-4853-47DD-8148-F0AA4700BD23}.Debug|ARM64.Build.0 = Debug|Any CPU
		{20DE81ED-4853-47DD-8148-F0AA4700BD23}.Debug|x64.ActiveCfg = Debug|Any CPU
		{20DE81ED-4853-47DD-8148-F0AA4700BD23}.Debug|x64.Build.0 = Debug|Any CPU
		{20DE81ED-4853-47DD-8148-F0AA4700BD23}.Debug|x86.ActiveCfg = Debug|Any CPU
		{20DE81ED-4853-47DD-8148-F0AA4700BD23}.Debug|x86.Build.0 = Debug|Any CPU
		{20DE81ED-4853-47DD-8148-F0AA4700BD23}.Release|Any CPU.ActiveCfg = Release|Any CPU
		{20DE81ED-4853-47DD-8148-F0AA4700BD23}.Release|Any CPU.Build.0 = Release|Any CPU
		{20DE81ED-4853-47DD-8148-F0AA4700BD23}.Release|ARM.ActiveCfg = Release|Any CPU
		{20DE81ED-4853-47DD-8148-F0AA4700BD23}.Release|ARM.Build.0 = Release|Any CPU
		{20DE81ED-4853-47DD-8148-F0AA4700BD23}.Release|ARM64.ActiveCfg = Release|Any CPU
		{20DE81ED-4853-47DD-8148-F0AA4700BD23}.Release|ARM64.Build.0 = Release|Any CPU
		{20DE81ED-4853-47DD-8148-F0AA4700BD23}.Release|x64.ActiveCfg = Release|Any CPU
		{20DE81ED-4853-47DD-8148-F0AA4700BD23}.Release|x64.Build.0 = Release|Any CPU
		{20DE81ED-4853-47DD-8148-F0AA4700BD23}.Release|x86.ActiveCfg = Release|Any CPU
		{20DE81ED-4853-47DD-8148-F0AA4700BD23}.Release|x86.Build.0 = Release|Any CPU
		{52F0AD8D-C2BC-455A-9513-B6271D50243C}.Debug|Any CPU.ActiveCfg = Debug|Any CPU
		{52F0AD8D-C2BC-455A-9513-B6271D50243C}.Debug|Any CPU.Build.0 = Debug|Any CPU
		{52F0AD8D-C2BC-455A-9513-B6271D50243C}.Debug|ARM.ActiveCfg = Debug|Any CPU
		{52F0AD8D-C2BC-455A-9513-B6271D50243C}.Debug|ARM.Build.0 = Debug|Any CPU
		{52F0AD8D-C2BC-455A-9513-B6271D50243C}.Debug|ARM64.ActiveCfg = Debug|Any CPU
		{52F0AD8D-C2BC-455A-9513-B6271D50243C}.Debug|ARM64.Build.0 = Debug|Any CPU
		{52F0AD8D-C2BC-455A-9513-B6271D50243C}.Debug|x64.ActiveCfg = Debug|Any CPU
		{52F0AD8D-C2BC-455A-9513-B6271D50243C}.Debug|x64.Build.0 = Debug|Any CPU
		{52F0AD8D-C2BC-455A-9513-B6271D50243C}.Debug|x86.ActiveCfg = Debug|Any CPU
		{52F0AD8D-C2BC-455A-9513-B6271D50243C}.Debug|x86.Build.0 = Debug|Any CPU
		{52F0AD8D-C2BC-455A-9513-B6271D50243C}.Release|Any CPU.ActiveCfg = Release|Any CPU
		{52F0AD8D-C2BC-455A-9513-B6271D50243C}.Release|Any CPU.Build.0 = Release|Any CPU
		{52F0AD8D-C2BC-455A-9513-B6271D50243C}.Release|ARM.ActiveCfg = Release|Any CPU
		{52F0AD8D-C2BC-455A-9513-B6271D50243C}.Release|ARM.Build.0 = Release|Any CPU
		{52F0AD8D-C2BC-455A-9513-B6271D50243C}.Release|ARM64.ActiveCfg = Release|Any CPU
		{52F0AD8D-C2BC-455A-9513-B6271D50243C}.Release|ARM64.Build.0 = Release|Any CPU
		{52F0AD8D-C2BC-455A-9513-B6271D50243C}.Release|x64.ActiveCfg = Release|Any CPU
		{52F0AD8D-C2BC-455A-9513-B6271D50243C}.Release|x64.Build.0 = Release|Any CPU
		{52F0AD8D-C2BC-455A-9513-B6271D50243C}.Release|x86.ActiveCfg = Release|Any CPU
		{52F0AD8D-C2BC-455A-9513-B6271D50243C}.Release|x86.Build.0 = Release|Any CPU
		{9D8F85EB-3A85-487A-9B9F-040180541002}.Debug|Any CPU.ActiveCfg = Debug|Any CPU
		{9D8F85EB-3A85-487A-9B9F-040180541002}.Debug|Any CPU.Build.0 = Debug|Any CPU
		{9D8F85EB-3A85-487A-9B9F-040180541002}.Debug|ARM.ActiveCfg = Debug|Any CPU
		{9D8F85EB-3A85-487A-9B9F-040180541002}.Debug|ARM.Build.0 = Debug|Any CPU
		{9D8F85EB-3A85-487A-9B9F-040180541002}.Debug|ARM64.ActiveCfg = Debug|Any CPU
		{9D8F85EB-3A85-487A-9B9F-040180541002}.Debug|ARM64.Build.0 = Debug|Any CPU
		{9D8F85EB-3A85-487A-9B9F-040180541002}.Debug|x64.ActiveCfg = Debug|Any CPU
		{9D8F85EB-3A85-487A-9B9F-040180541002}.Debug|x64.Build.0 = Debug|Any CPU
		{9D8F85EB-3A85-487A-9B9F-040180541002}.Debug|x86.ActiveCfg = Debug|Any CPU
		{9D8F85EB-3A85-487A-9B9F-040180541002}.Debug|x86.Build.0 = Debug|Any CPU
		{9D8F85EB-3A85-487A-9B9F-040180541002}.Release|Any CPU.ActiveCfg = Release|Any CPU
		{9D8F85EB-3A85-487A-9B9F-040180541002}.Release|Any CPU.Build.0 = Release|Any CPU
		{9D8F85EB-3A85-487A-9B9F-040180541002}.Release|ARM.ActiveCfg = Release|Any CPU
		{9D8F85EB-3A85-487A-9B9F-040180541002}.Release|ARM.Build.0 = Release|Any CPU
		{9D8F85EB-3A85-487A-9B9F-040180541002}.Release|ARM64.ActiveCfg = Release|Any CPU
		{9D8F85EB-3A85-487A-9B9F-040180541002}.Release|ARM64.Build.0 = Release|Any CPU
		{9D8F85EB-3A85-487A-9B9F-040180541002}.Release|x64.ActiveCfg = Release|Any CPU
		{9D8F85EB-3A85-487A-9B9F-040180541002}.Release|x64.Build.0 = Release|Any CPU
		{9D8F85EB-3A85-487A-9B9F-040180541002}.Release|x86.ActiveCfg = Release|Any CPU
		{9D8F85EB-3A85-487A-9B9F-040180541002}.Release|x86.Build.0 = Release|Any CPU
		{4C116FC8-C86A-471C-AA46-4B9C7FB12E24}.Debug|Any CPU.ActiveCfg = Debug|Any CPU
		{4C116FC8-C86A-471C-AA46-4B9C7FB12E24}.Debug|Any CPU.Build.0 = Debug|Any CPU
		{4C116FC8-C86A-471C-AA46-4B9C7FB12E24}.Debug|ARM.ActiveCfg = Debug|Any CPU
		{4C116FC8-C86A-471C-AA46-4B9C7FB12E24}.Debug|ARM.Build.0 = Debug|Any CPU
		{4C116FC8-C86A-471C-AA46-4B9C7FB12E24}.Debug|ARM64.ActiveCfg = Debug|Any CPU
		{4C116FC8-C86A-471C-AA46-4B9C7FB12E24}.Debug|ARM64.Build.0 = Debug|Any CPU
		{4C116FC8-C86A-471C-AA46-4B9C7FB12E24}.Debug|x64.ActiveCfg = Debug|Any CPU
		{4C116FC8-C86A-471C-AA46-4B9C7FB12E24}.Debug|x64.Build.0 = Debug|Any CPU
		{4C116FC8-C86A-471C-AA46-4B9C7FB12E24}.Debug|x86.ActiveCfg = Debug|Any CPU
		{4C116FC8-C86A-471C-AA46-4B9C7FB12E24}.Debug|x86.Build.0 = Debug|Any CPU
		{4C116FC8-C86A-471C-AA46-4B9C7FB12E24}.Release|Any CPU.ActiveCfg = Release|Any CPU
		{4C116FC8-C86A-471C-AA46-4B9C7FB12E24}.Release|Any CPU.Build.0 = Release|Any CPU
		{4C116FC8-C86A-471C-AA46-4B9C7FB12E24}.Release|ARM.ActiveCfg = Release|Any CPU
		{4C116FC8-C86A-471C-AA46-4B9C7FB12E24}.Release|ARM.Build.0 = Release|Any CPU
		{4C116FC8-C86A-471C-AA46-4B9C7FB12E24}.Release|ARM64.ActiveCfg = Release|Any CPU
		{4C116FC8-C86A-471C-AA46-4B9C7FB12E24}.Release|ARM64.Build.0 = Release|Any CPU
		{4C116FC8-C86A-471C-AA46-4B9C7FB12E24}.Release|x64.ActiveCfg = Release|Any CPU
		{4C116FC8-C86A-471C-AA46-4B9C7FB12E24}.Release|x64.Build.0 = Release|Any CPU
		{4C116FC8-C86A-471C-AA46-4B9C7FB12E24}.Release|x86.ActiveCfg = Release|Any CPU
		{4C116FC8-C86A-471C-AA46-4B9C7FB12E24}.Release|x86.Build.0 = Release|Any CPU
		{41A13A82-6E33-4D86-8307-EBB2631D0406}.Debug|Any CPU.ActiveCfg = Debug|Any CPU
		{41A13A82-6E33-4D86-8307-EBB2631D0406}.Debug|Any CPU.Build.0 = Debug|Any CPU
		{41A13A82-6E33-4D86-8307-EBB2631D0406}.Debug|ARM.ActiveCfg = Debug|Any CPU
		{41A13A82-6E33-4D86-8307-EBB2631D0406}.Debug|ARM.Build.0 = Debug|Any CPU
		{41A13A82-6E33-4D86-8307-EBB2631D0406}.Debug|ARM64.ActiveCfg = Debug|Any CPU
		{41A13A82-6E33-4D86-8307-EBB2631D0406}.Debug|ARM64.Build.0 = Debug|Any CPU
		{41A13A82-6E33-4D86-8307-EBB2631D0406}.Debug|x64.ActiveCfg = Debug|Any CPU
		{41A13A82-6E33-4D86-8307-EBB2631D0406}.Debug|x64.Build.0 = Debug|Any CPU
		{41A13A82-6E33-4D86-8307-EBB2631D0406}.Debug|x86.ActiveCfg = Debug|Any CPU
		{41A13A82-6E33-4D86-8307-EBB2631D0406}.Debug|x86.Build.0 = Debug|Any CPU
		{41A13A82-6E33-4D86-8307-EBB2631D0406}.Release|Any CPU.ActiveCfg = Release|Any CPU
		{41A13A82-6E33-4D86-8307-EBB2631D0406}.Release|Any CPU.Build.0 = Release|Any CPU
		{41A13A82-6E33-4D86-8307-EBB2631D0406}.Release|ARM.ActiveCfg = Release|Any CPU
		{41A13A82-6E33-4D86-8307-EBB2631D0406}.Release|ARM.Build.0 = Release|Any CPU
		{41A13A82-6E33-4D86-8307-EBB2631D0406}.Release|ARM64.ActiveCfg = Release|Any CPU
		{41A13A82-6E33-4D86-8307-EBB2631D0406}.Release|ARM64.Build.0 = Release|Any CPU
		{41A13A82-6E33-4D86-8307-EBB2631D0406}.Release|x64.ActiveCfg = Release|Any CPU
		{41A13A82-6E33-4D86-8307-EBB2631D0406}.Release|x64.Build.0 = Release|Any CPU
		{41A13A82-6E33-4D86-8307-EBB2631D0406}.Release|x86.ActiveCfg = Release|Any CPU
		{41A13A82-6E33-4D86-8307-EBB2631D0406}.Release|x86.Build.0 = Release|Any CPU
		{2CB92D8F-4189-4E23-936D-BFC3823FA10C}.Debug|Any CPU.ActiveCfg = Debug|Any CPU
		{2CB92D8F-4189-4E23-936D-BFC3823FA10C}.Debug|Any CPU.Build.0 = Debug|Any CPU
		{2CB92D8F-4189-4E23-936D-BFC3823FA10C}.Debug|ARM.ActiveCfg = Debug|Any CPU
		{2CB92D8F-4189-4E23-936D-BFC3823FA10C}.Debug|ARM64.ActiveCfg = Debug|Any CPU
		{2CB92D8F-4189-4E23-936D-BFC3823FA10C}.Debug|x64.ActiveCfg = Debug|Any CPU
		{2CB92D8F-4189-4E23-936D-BFC3823FA10C}.Debug|x86.ActiveCfg = Debug|Any CPU
		{2CB92D8F-4189-4E23-936D-BFC3823FA10C}.Release|Any CPU.ActiveCfg = Release|Any CPU
		{2CB92D8F-4189-4E23-936D-BFC3823FA10C}.Release|Any CPU.Build.0 = Release|Any CPU
		{2CB92D8F-4189-4E23-936D-BFC3823FA10C}.Release|ARM.ActiveCfg = Release|Any CPU
		{2CB92D8F-4189-4E23-936D-BFC3823FA10C}.Release|ARM64.ActiveCfg = Release|Any CPU
		{2CB92D8F-4189-4E23-936D-BFC3823FA10C}.Release|x64.ActiveCfg = Release|Any CPU
		{2CB92D8F-4189-4E23-936D-BFC3823FA10C}.Release|x86.ActiveCfg = Release|Any CPU
		{896823A1-92D3-44CF-A4BD-234568FAD23C}.Debug|Any CPU.ActiveCfg = Debug|Any CPU
		{896823A1-92D3-44CF-A4BD-234568FAD23C}.Debug|Any CPU.Build.0 = Debug|Any CPU
		{896823A1-92D3-44CF-A4BD-234568FAD23C}.Debug|ARM.ActiveCfg = Debug|Any CPU
		{896823A1-92D3-44CF-A4BD-234568FAD23C}.Debug|ARM.Build.0 = Debug|Any CPU
		{896823A1-92D3-44CF-A4BD-234568FAD23C}.Debug|ARM64.ActiveCfg = Debug|Any CPU
		{896823A1-92D3-44CF-A4BD-234568FAD23C}.Debug|ARM64.Build.0 = Debug|Any CPU
		{896823A1-92D3-44CF-A4BD-234568FAD23C}.Debug|x64.ActiveCfg = Debug|Any CPU
		{896823A1-92D3-44CF-A4BD-234568FAD23C}.Debug|x64.Build.0 = Debug|Any CPU
		{896823A1-92D3-44CF-A4BD-234568FAD23C}.Debug|x86.ActiveCfg = Debug|Any CPU
		{896823A1-92D3-44CF-A4BD-234568FAD23C}.Debug|x86.Build.0 = Debug|Any CPU
		{896823A1-92D3-44CF-A4BD-234568FAD23C}.Release|Any CPU.ActiveCfg = Release|Any CPU
		{896823A1-92D3-44CF-A4BD-234568FAD23C}.Release|Any CPU.Build.0 = Release|Any CPU
		{896823A1-92D3-44CF-A4BD-234568FAD23C}.Release|ARM.ActiveCfg = Release|Any CPU
		{896823A1-92D3-44CF-A4BD-234568FAD23C}.Release|ARM.Build.0 = Release|Any CPU
		{896823A1-92D3-44CF-A4BD-234568FAD23C}.Release|ARM64.ActiveCfg = Release|Any CPU
		{896823A1-92D3-44CF-A4BD-234568FAD23C}.Release|ARM64.Build.0 = Release|Any CPU
		{896823A1-92D3-44CF-A4BD-234568FAD23C}.Release|x64.ActiveCfg = Release|Any CPU
		{896823A1-92D3-44CF-A4BD-234568FAD23C}.Release|x64.Build.0 = Release|Any CPU
		{896823A1-92D3-44CF-A4BD-234568FAD23C}.Release|x86.ActiveCfg = Release|Any CPU
		{896823A1-92D3-44CF-A4BD-234568FAD23C}.Release|x86.Build.0 = Release|Any CPU
		{F48423D4-0C3C-4581-9E21-9F901AAF6353}.Debug|Any CPU.ActiveCfg = Debug|Any CPU
		{F48423D4-0C3C-4581-9E21-9F901AAF6353}.Debug|Any CPU.Build.0 = Debug|Any CPU
		{F48423D4-0C3C-4581-9E21-9F901AAF6353}.Debug|ARM.ActiveCfg = Debug|Any CPU
		{F48423D4-0C3C-4581-9E21-9F901AAF6353}.Debug|ARM.Build.0 = Debug|Any CPU
		{F48423D4-0C3C-4581-9E21-9F901AAF6353}.Debug|ARM64.ActiveCfg = Debug|Any CPU
		{F48423D4-0C3C-4581-9E21-9F901AAF6353}.Debug|ARM64.Build.0 = Debug|Any CPU
		{F48423D4-0C3C-4581-9E21-9F901AAF6353}.Debug|x64.ActiveCfg = Debug|Any CPU
		{F48423D4-0C3C-4581-9E21-9F901AAF6353}.Debug|x64.Build.0 = Debug|Any CPU
		{F48423D4-0C3C-4581-9E21-9F901AAF6353}.Debug|x86.ActiveCfg = Debug|Any CPU
		{F48423D4-0C3C-4581-9E21-9F901AAF6353}.Debug|x86.Build.0 = Debug|Any CPU
		{F48423D4-0C3C-4581-9E21-9F901AAF6353}.Release|Any CPU.ActiveCfg = Release|Any CPU
		{F48423D4-0C3C-4581-9E21-9F901AAF6353}.Release|Any CPU.Build.0 = Release|Any CPU
		{F48423D4-0C3C-4581-9E21-9F901AAF6353}.Release|ARM.ActiveCfg = Release|Any CPU
		{F48423D4-0C3C-4581-9E21-9F901AAF6353}.Release|ARM.Build.0 = Release|Any CPU
		{F48423D4-0C3C-4581-9E21-9F901AAF6353}.Release|ARM64.ActiveCfg = Release|Any CPU
		{F48423D4-0C3C-4581-9E21-9F901AAF6353}.Release|ARM64.Build.0 = Release|Any CPU
		{F48423D4-0C3C-4581-9E21-9F901AAF6353}.Release|x64.ActiveCfg = Release|Any CPU
		{F48423D4-0C3C-4581-9E21-9F901AAF6353}.Release|x64.Build.0 = Release|Any CPU
		{F48423D4-0C3C-4581-9E21-9F901AAF6353}.Release|x86.ActiveCfg = Release|Any CPU
		{F48423D4-0C3C-4581-9E21-9F901AAF6353}.Release|x86.Build.0 = Release|Any CPU
		{92DF5A9B-778A-4D07-900B-7690809A442C}.Debug|Any CPU.ActiveCfg = Debug|Any CPU
		{92DF5A9B-778A-4D07-900B-7690809A442C}.Debug|Any CPU.Build.0 = Debug|Any CPU
		{92DF5A9B-778A-4D07-900B-7690809A442C}.Debug|ARM.ActiveCfg = Debug|Any CPU
		{92DF5A9B-778A-4D07-900B-7690809A442C}.Debug|ARM.Build.0 = Debug|Any CPU
		{92DF5A9B-778A-4D07-900B-7690809A442C}.Debug|ARM64.ActiveCfg = Debug|Any CPU
		{92DF5A9B-778A-4D07-900B-7690809A442C}.Debug|ARM64.Build.0 = Debug|Any CPU
		{92DF5A9B-778A-4D07-900B-7690809A442C}.Debug|x64.ActiveCfg = Debug|Any CPU
		{92DF5A9B-778A-4D07-900B-7690809A442C}.Debug|x64.Build.0 = Debug|Any CPU
		{92DF5A9B-778A-4D07-900B-7690809A442C}.Debug|x86.ActiveCfg = Debug|Any CPU
		{92DF5A9B-778A-4D07-900B-7690809A442C}.Debug|x86.Build.0 = Debug|Any CPU
		{92DF5A9B-778A-4D07-900B-7690809A442C}.Release|Any CPU.ActiveCfg = Release|Any CPU
		{92DF5A9B-778A-4D07-900B-7690809A442C}.Release|Any CPU.Build.0 = Release|Any CPU
		{92DF5A9B-778A-4D07-900B-7690809A442C}.Release|ARM.ActiveCfg = Release|Any CPU
		{92DF5A9B-778A-4D07-900B-7690809A442C}.Release|ARM.Build.0 = Release|Any CPU
		{92DF5A9B-778A-4D07-900B-7690809A442C}.Release|ARM64.ActiveCfg = Release|Any CPU
		{92DF5A9B-778A-4D07-900B-7690809A442C}.Release|ARM64.Build.0 = Release|Any CPU
		{92DF5A9B-778A-4D07-900B-7690809A442C}.Release|x64.ActiveCfg = Release|Any CPU
		{92DF5A9B-778A-4D07-900B-7690809A442C}.Release|x64.Build.0 = Release|Any CPU
		{92DF5A9B-778A-4D07-900B-7690809A442C}.Release|x86.ActiveCfg = Release|Any CPU
		{92DF5A9B-778A-4D07-900B-7690809A442C}.Release|x86.Build.0 = Release|Any CPU
	EndGlobalSection
	GlobalSection(SolutionProperties) = preSolution
		HideSolutionNode = FALSE
	EndGlobalSection
	GlobalSection(ExtensibilityGlobals) = postSolution
		SolutionGuid = {C70431C1-CC35-4D5F-AA8D-50E0710E5C25}
	EndGlobalSection
EndGlobal
